
Microsoft Visual Studio Solution File, Format Version 12.00
# Visual Studio Version 16
VisualStudioVersion = 16.0.29409.12
MinimumVisualStudioVersion = 10.0.40219.1
Project("{9A19103F-16F7-4668-BE54-9A1E7A4F7556}") = "Localizei.API", "Localizei.API\Localizei.API.csproj", "{408AEEBE-8DBA-429E-8E34-CCFD056FDC0C}"
EndProject
Project("{FAE04EC0-301F-11D3-BF4B-00C04F79EFBC}") = "Localizei.Domain", "Localizei.Domain\Localizei.Domain.csproj", "{DABCA48E-C0CE-48B8-958F-1872855457DE}"
EndProject
Global
	GlobalSection(SolutionConfigurationPlatforms) = preSolution
		Debug|Any CPU = Debug|Any CPU
		Release|Any CPU = Release|Any CPU
	EndGlobalSection
	GlobalSection(ProjectConfigurationPlatforms) = postSolution
		{408AEEBE-8DBA-429E-8E34-CCFD056FDC0C}.Debug|Any CPU.ActiveCfg = Debug|Any CPU
		{408AEEBE-8DBA-429E-8E34-CCFD056FDC0C}.Debug|Any CPU.Build.0 = Debug|Any CPU
		{408AEEBE-8DBA-429E-8E34-CCFD056FDC0C}.Release|Any CPU.ActiveCfg = Release|Any CPU
		{408AEEBE-8DBA-429E-8E34-CCFD056FDC0C}.Release|Any CPU.Build.0 = Release|Any CPU
		{DABCA48E-C0CE-48B8-958F-1872855457DE}.Debug|Any CPU.ActiveCfg = Debug|Any CPU
		{DABCA48E-C0CE-48B8-958F-1872855457DE}.Debug|Any CPU.Build.0 = Debug|Any CPU
		{DABCA48E-C0CE-48B8-958F-1872855457DE}.Release|Any CPU.ActiveCfg = Release|Any CPU
		{DABCA48E-C0CE-48B8-958F-1872855457DE}.Release|Any CPU.Build.0 = Release|Any CPU
	EndGlobalSection
	GlobalSection(SolutionProperties) = preSolution
		HideSolutionNode = FALSE
	EndGlobalSection
	GlobalSection(ExtensibilityGlobals) = postSolution
		SolutionGuid = {FDDF81CA-B2DA-409B-94AA-76A6318BB3A6}
	EndGlobalSection
EndGlobal
